
Microsoft Visual Studio Solution File, Format Version 12.00
# Visual Studio Version 16
VisualStudioVersion = 16.0.31624.102
MinimumVisualStudioVersion = 10.0.40219.1
Project("{FAE04EC0-301F-11D3-BF4B-00C04F79EFBC}") = "Loan Webapp", "Loan Webapp\Loan Webapp.csproj", "{3C368857-F8EC-4B69-B5EE-24928015690A}"
EndProject
Global
	GlobalSection(SolutionConfigurationPlatforms) = preSolution
		Debug|Any CPU = Debug|Any CPU
		Release|Any CPU = Release|Any CPU
	EndGlobalSection
	GlobalSection(ProjectConfigurationPlatforms) = postSolution
		{3C368857-F8EC-4B69-B5EE-24928015690A}.Debug|Any CPU.ActiveCfg = Debug|Any CPU
		{3C368857-F8EC-4B69-B5EE-24928015690A}.Debug|Any CPU.Build.0 = Debug|Any CPU
		{3C368857-F8EC-4B69-B5EE-24928015690A}.Release|Any CPU.ActiveCfg = Release|Any CPU
		{3C368857-F8EC-4B69-B5EE-24928015690A}.Release|Any CPU.Build.0 = Release|Any CPU
	EndGlobalSection
	GlobalSection(SolutionProperties) = preSolution
		HideSolutionNode = FALSE
	EndGlobalSection
	GlobalSection(ExtensibilityGlobals) = postSolution
		SolutionGuid = {54F2C301-D924-4BF9-A212-708DA0152B9E}
	EndGlobalSection
EndGlobal
